
Microsoft Visual Studio Solution File, Format Version 12.00
# Visual Studio Version 17
VisualStudioVersion = 17.0.31903.59
MinimumVisualStudioVersion = 10.0.40219.1
Project("{FAE04EC0-301F-11D3-BF4B-00C04F79EFBC}") = "SmartWay.WebApi", "SmartWay.WebApi\SmartWay.WebApi.csproj", "{7E90B24E-43E3-4ADB-83BC-6F634C9064B3}"
EndProject
Project("{2150E333-8FDC-42A3-9474-1A3956D46DE8}") = "Solution Items", "Solution Items", "{C534C2EC-9F7A-4C68-BA10-8A38B33A77F3}"
EndProject
Global
	GlobalSection(SolutionConfigurationPlatforms) = preSolution
		Debug|Any CPU = Debug|Any CPU
		Release|Any CPU = Release|Any CPU
	EndGlobalSection
	GlobalSection(SolutionProperties) = preSolution
		HideSolutionNode = FALSE
	EndGlobalSection
	GlobalSection(ProjectConfigurationPlatforms) = postSolution
		{7E90B24E-43E3-4ADB-83BC-6F634C9064B3}.Debug|Any CPU.ActiveCfg = Debug|Any CPU
		{7E90B24E-43E3-4ADB-83BC-6F634C9064B3}.Debug|Any CPU.Build.0 = Debug|Any CPU
		{7E90B24E-43E3-4ADB-83BC-6F634C9064B3}.Release|Any CPU.ActiveCfg = Release|Any CPU
		{7E90B24E-43E3-4ADB-83BC-6F634C9064B3}.Release|Any CPU.Build.0 = Release|Any CPU
	EndGlobalSection
EndGlobal
